{
  "name": "Website",
  "version": "1.0.0",
  "lockfileVersion": 1,
  "requires": true,
  "dependencies": {
    "jquery": {
      "version": "3.2.1",
      "resolved": "https://registry.npmjs.org/jquery/-/jquery-3.2.1.tgz",
      "integrity": "sha1-XE2d5lKvbNCncBVKYxu6ErAVx4c="
    },
    "jquery-parallax.js": {
      "version": "1.4.3",
      "resolved": "https://registry.npmjs.org/jquery-parallax.js/-/jquery-parallax.js-1.4.3.tgz",
      "integrity": "sha1-c0WE34ImbSRHLr8ifbvGO/Xrhgw=",
      "requires": {
        "jquery": "3.2.1"
      }
    }
  }
}
